{
  "originHash" : "2c2c58b92fa4fc26ab01fb3d9e548c91557380e0a84ee23691306982991f4e78",
  "pins" : [
    {
      "identity" : "baseapi",
      "kind" : "remoteSourceControl",
      "location" : "https://github.com/serhii-londar/BaseAPI.git",
      "state" : {
        "revision" : "8e736fa8302647749fb1b4ebe3c59e920174a095",
        "version" : "0.2.1"
      }
    },
    {
      "identity" : "mobile-sdk-ios",
      "kind" : "remoteSourceControl",
      "location" : "https://github.com/crowdin/mobile-sdk-ios.git",
      "state" : {
        "revision" : "db1af9601629ec0e58fe5e70c5f12e201ffd987a",
        "version" : "1.9.0"
      }
    },
    {
      "identity" : "starscream",
      "kind" : "remoteSourceControl",
      "location" : "https://github.com/daltoniam/Starscream.git",
      "state" : {
        "revision" : "c6bfd1af48efcc9a9ad203665db12375ba6b145a",
        "version" : "4.0.8"
      }
    }
  ],
  "version" : 3
}
